
Microsoft Visual Studio Solution File, Format Version 12.00
# Visual Studio Version 16
VisualStudioVersion = 16.0.31019.35
MinimumVisualStudioVersion = 10.0.40219.1
Project("{FAE04EC0-301F-11D3-BF4B-00C04F79EFBC}") = "DockerDemo", "DockerDemo\DockerDemo.csproj", "{F261C2AF-B566-4961-8837-0211B16A5DAD}"
EndProject
Global
	GlobalSection(SolutionConfigurationPlatforms) = preSolution
		Debug|Any CPU = Debug|Any CPU
		Release|Any CPU = Release|Any CPU
	EndGlobalSection
	GlobalSection(ProjectConfigurationPlatforms) = postSolution
		{F261C2AF-B566-4961-8837-0211B16A5DAD}.Debug|Any CPU.ActiveCfg = Debug|Any CPU
		{F261C2AF-B566-4961-8837-0211B16A5DAD}.Debug|Any CPU.Build.0 = Debug|Any CPU
		{F261C2AF-B566-4961-8837-0211B16A5DAD}.Release|Any CPU.ActiveCfg = Release|Any CPU
		{F261C2AF-B566-4961-8837-0211B16A5DAD}.Release|Any CPU.Build.0 = Release|Any CPU
	EndGlobalSection
	GlobalSection(SolutionProperties) = preSolution
		HideSolutionNode = FALSE
	EndGlobalSection
	GlobalSection(ExtensibilityGlobals) = postSolution
		SolutionGuid = {B35E441E-036E-41FD-8C02-4439A4D300F0}
	EndGlobalSection
EndGlobal
